
Microsoft Visual Studio Solution File, Format Version 12.00
# Visual Studio Version 17
VisualStudioVersion = 17.0.31903.59
MinimumVisualStudioVersion = 10.0.40219.1
Project("{2150E333-8FDC-42A3-9474-1A3956D46DE8}") = "tests", "tests", "{5D0CC18F-5B82-48FD-9EAD-C89029922066}"
EndProject
Project("{FAE04EC0-301F-11D3-BF4B-00C04F79EFBC}") = "Edge.LitMusic.Tests", "tests\Edge.LitMusic.Tests\Edge.LitMusic.Tests.csproj", "{A0C7A888-8E0C-4F06-AB7A-A9E7D132303B}"
EndProject
Project("{2150E333-8FDC-42A3-9474-1A3956D46DE8}") = "src", "src", "{3595388C-83F4-452A-B820-7695C01DD519}"
EndProject
Project("{FAE04EC0-301F-11D3-BF4B-00C04F79EFBC}") = "Edge.LitMusic", "src\Edge.LitMusic\Edge.LitMusic.csproj", "{97897C1A-EE81-4ABE-BD34-72234582C2E0}"
EndProject
Global
	GlobalSection(SolutionConfigurationPlatforms) = preSolution
		Debug|Any CPU = Debug|Any CPU
		Release|Any CPU = Release|Any CPU
	EndGlobalSection
	GlobalSection(SolutionProperties) = preSolution
		HideSolutionNode = FALSE
	EndGlobalSection
	GlobalSection(ProjectConfigurationPlatforms) = postSolution
		{A0C7A888-8E0C-4F06-AB7A-A9E7D132303B}.Debug|Any CPU.ActiveCfg = Debug|Any CPU
		{A0C7A888-8E0C-4F06-AB7A-A9E7D132303B}.Debug|Any CPU.Build.0 = Debug|Any CPU
		{A0C7A888-8E0C-4F06-AB7A-A9E7D132303B}.Release|Any CPU.ActiveCfg = Release|Any CPU
		{A0C7A888-8E0C-4F06-AB7A-A9E7D132303B}.Release|Any CPU.Build.0 = Release|Any CPU
		{97897C1A-EE81-4ABE-BD34-72234582C2E0}.Debug|Any CPU.ActiveCfg = Debug|Any CPU
		{97897C1A-EE81-4ABE-BD34-72234582C2E0}.Debug|Any CPU.Build.0 = Debug|Any CPU
		{97897C1A-EE81-4ABE-BD34-72234582C2E0}.Release|Any CPU.ActiveCfg = Release|Any CPU
		{97897C1A-EE81-4ABE-BD34-72234582C2E0}.Release|Any CPU.Build.0 = Release|Any CPU
	EndGlobalSection
	GlobalSection(NestedProjects) = preSolution
		{A0C7A888-8E0C-4F06-AB7A-A9E7D132303B} = {5D0CC18F-5B82-48FD-9EAD-C89029922066}
		{97897C1A-EE81-4ABE-BD34-72234582C2E0} = {3595388C-83F4-452A-B820-7695C01DD519}
	EndGlobalSection
EndGlobal
